
Microsoft Visual Studio Solution File, Format Version 12.00
# Visual Studio Version 16
VisualStudioVersion = 16.0.29230.47
MinimumVisualStudioVersion = 10.0.40219.1
Project("{FAE04EC0-301F-11D3-BF4B-00C04F79EFBC}") = "Assignment2BaseballWebsite", "Assignment2BaseballWebsite\Assignment2BaseballWebsite.csproj", "{167656F3-F280-4BE6-84A9-12A7946C0020}"
EndProject
Global
	GlobalSection(SolutionConfigurationPlatforms) = preSolution
		Debug|Any CPU = Debug|Any CPU
		Release|Any CPU = Release|Any CPU
	EndGlobalSection
	GlobalSection(ProjectConfigurationPlatforms) = postSolution
		{167656F3-F280-4BE6-84A9-12A7946C0020}.Debug|Any CPU.ActiveCfg = Debug|Any CPU
		{167656F3-F280-4BE6-84A9-12A7946C0020}.Debug|Any CPU.Build.0 = Debug|Any CPU
		{167656F3-F280-4BE6-84A9-12A7946C0020}.Release|Any CPU.ActiveCfg = Release|Any CPU
		{167656F3-F280-4BE6-84A9-12A7946C0020}.Release|Any CPU.Build.0 = Release|Any CPU
	EndGlobalSection
	GlobalSection(SolutionProperties) = preSolution
		HideSolutionNode = FALSE
	EndGlobalSection
	GlobalSection(ExtensibilityGlobals) = postSolution
		SolutionGuid = {7B56E389-7199-4325-A3ED-5F6A697F4924}
	EndGlobalSection
EndGlobal
